
Microsoft Visual Studio Solution File, Format Version 12.00
# Visual Studio 15
VisualStudioVersion = 15.0.28307.168
MinimumVisualStudioVersion = 10.0.40219.1
Project("{FAE04EC0-301F-11D3-BF4B-00C04F79EFBC}") = "WooSharp", "WooSharp\WooSharp.csproj", "{98398B4F-BDBE-4438-976A-A7EBEF81380D}"
EndProject
Global
	GlobalSection(SolutionConfigurationPlatforms) = preSolution
		Debug|Any CPU = Debug|Any CPU
		Release|Any CPU = Release|Any CPU
	EndGlobalSection
	GlobalSection(ProjectConfigurationPlatforms) = postSolution
		{98398B4F-BDBE-4438-976A-A7EBEF81380D}.Debug|Any CPU.ActiveCfg = Debug|Any CPU
		{98398B4F-BDBE-4438-976A-A7EBEF81380D}.Debug|Any CPU.Build.0 = Debug|Any CPU
		{98398B4F-BDBE-4438-976A-A7EBEF81380D}.Release|Any CPU.ActiveCfg = Release|Any CPU
		{98398B4F-BDBE-4438-976A-A7EBEF81380D}.Release|Any CPU.Build.0 = Release|Any CPU
	EndGlobalSection
	GlobalSection(SolutionProperties) = preSolution
		HideSolutionNode = FALSE
	EndGlobalSection
	GlobalSection(ExtensibilityGlobals) = postSolution
		SolutionGuid = {A37F3D81-8829-46B2-87F7-73D8C1121E64}
	EndGlobalSection
EndGlobal
